
Microsoft Visual Studio Solution File, Format Version 12.00
# Visual Studio Version 17
VisualStudioVersion = 17.10.35027.167
MinimumVisualStudioVersion = 10.0.40219.1
Project("{FAE04EC0-301F-11D3-BF4B-00C04F79EFBC}") = "DecoderWebServer.Server", "DecoderWebServer.Server\DecoderWebServer.Server.csproj", "{D1AED8CC-40D4-4CDF-A9F8-267201A518BC}"
EndProject
Project("{54A90642-561A-4BB1-A94E-469ADEE60C69}") = "decoderwebserver.client", "decoderwebserver.client\decoderwebserver.client.esproj", "{2A113624-2A0E-41FD-BB11-C230E376335E}"
EndProject
Global
	GlobalSection(SolutionConfigurationPlatforms) = preSolution
		Debug|Any CPU = Debug|Any CPU
		Release|Any CPU = Release|Any CPU
	EndGlobalSection
	GlobalSection(ProjectConfigurationPlatforms) = postSolution
		{D1AED8CC-40D4-4CDF-A9F8-267201A518BC}.Debug|Any CPU.ActiveCfg = Debug|Any CPU
		{D1AED8CC-40D4-4CDF-A9F8-267201A518BC}.Debug|Any CPU.Build.0 = Debug|Any CPU
		{D1AED8CC-40D4-4CDF-A9F8-267201A518BC}.Release|Any CPU.ActiveCfg = Release|Any CPU
		{D1AED8CC-40D4-4CDF-A9F8-267201A518BC}.Release|Any CPU.Build.0 = Release|Any CPU
		{2A113624-2A0E-41FD-BB11-C230E376335E}.Debug|Any CPU.ActiveCfg = Debug|Any CPU
		{2A113624-2A0E-41FD-BB11-C230E376335E}.Debug|Any CPU.Build.0 = Debug|Any CPU
		{2A113624-2A0E-41FD-BB11-C230E376335E}.Debug|Any CPU.Deploy.0 = Debug|Any CPU
		{2A113624-2A0E-41FD-BB11-C230E376335E}.Release|Any CPU.ActiveCfg = Release|Any CPU
		{2A113624-2A0E-41FD-BB11-C230E376335E}.Release|Any CPU.Build.0 = Release|Any CPU
		{2A113624-2A0E-41FD-BB11-C230E376335E}.Release|Any CPU.Deploy.0 = Release|Any CPU
	EndGlobalSection
	GlobalSection(SolutionProperties) = preSolution
		HideSolutionNode = FALSE
	EndGlobalSection
	GlobalSection(ExtensibilityGlobals) = postSolution
		SolutionGuid = {66D67CE6-0FBE-4F8C-B202-F9B6636B04FE}
	EndGlobalSection
EndGlobal
