
Microsoft Visual Studio Solution File, Format Version 12.00
# Visual Studio Version 17
VisualStudioVersion = 17.10.35027.167
MinimumVisualStudioVersion = 10.0.40219.1
Project("{FAE04EC0-301F-11D3-BF4B-00C04F79EFBC}") = "Calculator", "Calculator\Calculator.csproj", "{EE0E9BCD-D6FA-4370-A9DC-E0F7A57A609A}"
EndProject
Global
	GlobalSection(SolutionConfigurationPlatforms) = preSolution
		Debug|Any CPU = Debug|Any CPU
		Release|Any CPU = Release|Any CPU
	EndGlobalSection
	GlobalSection(ProjectConfigurationPlatforms) = postSolution
		{EE0E9BCD-D6FA-4370-A9DC-E0F7A57A609A}.Debug|Any CPU.ActiveCfg = Debug|Any CPU
		{EE0E9BCD-D6FA-4370-A9DC-E0F7A57A609A}.Debug|Any CPU.Build.0 = Debug|Any CPU
		{EE0E9BCD-D6FA-4370-A9DC-E0F7A57A609A}.Release|Any CPU.ActiveCfg = Release|Any CPU
		{EE0E9BCD-D6FA-4370-A9DC-E0F7A57A609A}.Release|Any CPU.Build.0 = Release|Any CPU
	EndGlobalSection
	GlobalSection(SolutionProperties) = preSolution
		HideSolutionNode = FALSE
	EndGlobalSection
	GlobalSection(ExtensibilityGlobals) = postSolution
		SolutionGuid = {B423B66B-C4DB-4B94-819A-B41E17BF1079}
	EndGlobalSection
EndGlobal
